
Microsoft Visual Studio Solution File, Format Version 12.00
# Visual Studio Version 16
VisualStudioVersion = 16.0.33027.164
MinimumVisualStudioVersion = 10.0.40219.1
Project("{FAE04EC0-301F-11D3-BF4B-00C04F79EFBC}") = "webbanhang", "webbanhang.csproj", "{38F45132-1BC8-4E3C-A4F2-F20365F84203}"
EndProject
Global
	GlobalSection(SolutionConfigurationPlatforms) = preSolution
		Debug|Any CPU = Debug|Any CPU
		Release|Any CPU = Release|Any CPU
	EndGlobalSection
	GlobalSection(ProjectConfigurationPlatforms) = postSolution
		{38F45132-1BC8-4E3C-A4F2-F20365F84203}.Debug|Any CPU.ActiveCfg = Debug|Any CPU
		{38F45132-1BC8-4E3C-A4F2-F20365F84203}.Debug|Any CPU.Build.0 = Debug|Any CPU
		{38F45132-1BC8-4E3C-A4F2-F20365F84203}.Release|Any CPU.ActiveCfg = Release|Any CPU
		{38F45132-1BC8-4E3C-A4F2-F20365F84203}.Release|Any CPU.Build.0 = Release|Any CPU
	EndGlobalSection
	GlobalSection(SolutionProperties) = preSolution
		HideSolutionNode = FALSE
	EndGlobalSection
	GlobalSection(ExtensibilityGlobals) = postSolution
		SolutionGuid = {A633800C-EE72-47A4-AA4C-34763A02EE47}
	EndGlobalSection
EndGlobal
